// !$*UTF8*$!
{
	archiveVersion = 1;
	classes = {
	};
	objectVersion = 46;
	objects = {

/* Begin PBXBuildFile section */
		7D01BE521D6FF2E000FDCC8D /* AppDelegate.swift in Sources */ = {isa = PBXBuildFile; fileRef = 7D01BE511D6FF2E000FDCC8D /* AppDelegate.swift */; };
		7D01BE541D6FF2E000FDCC8D /* ViewController.swift in Sources */ = {isa = PBXBuildFile; fileRef = 7D01BE531D6FF2E000FDCC8D /* ViewController.swift */; };
		7D01BE571D6FF2E000FDCC8D /* Main.storyboard in Resources */ = {isa = PBXBuildFile; fileRef = 7D01BE551D6FF2E000FDCC8D /* Main.storyboard */; };
		7D01BE591D6FF2E000FDCC8D /* Assets.xcassets in Resources */ = {isa = PBXBuildFile; fileRef = 7D01BE581D6FF2E000FDCC8D /* Assets.xcassets */; };
		7D01BE5C1D6FF2E000FDCC8D /* LaunchScreen.storyboard in Resources */ = {isa = PBXBuildFile; fileRef = 7D01BE5A1D6FF2E000FDCC8D /* LaunchScreen.storyboard */; };
		7D01BE671D6FF2E000FDCC8D /* UUIDGeneratingAvatarTests.swift in Sources */ = {isa = PBXBuildFile; fileRef = 7D01BE661D6FF2E000FDCC8D /* UUIDGeneratingAvatarTests.swift */; };
/* End PBXBuildFile section */

/* Begin PBXContainerItemProxy section */
		7D01BE631D6FF2E000FDCC8D /* PBXContainerItemProxy */ = {
			isa = PBXContainerItemProxy;
			containerPortal = 7D01BE461D6FF2E000FDCC8D /* Project object */;
			proxyType = 1;
			remoteGlobalIDString = 7D01BE4D1D6FF2E000FDCC8D;
			remoteInfo = UUIDGeneratingAvatar;
		};
/* End PBXContainerItemProxy section */

/* Begin PBXFileReference section */
		7D01BE4E1D6FF2E000FDCC8D /* UUIDGeneratingAvatar.app */ = {isa = PBXFileReference; explicitFileType = wrapper.application; includeInIndex = 0; path = UUIDGeneratingAvatar.app; sourceTree = BUILT_PRODUCTS_DIR; };
		7D01BE511D6FF2E000FDCC8D /* AppDelegate.swift */ = {isa = PBXFileReference; lastKnownFileType = sourcecode.swift; path = AppDelegate.swift; sourceTree = "<group>"; };
		7D01BE531D6FF2E000FDCC8D /* ViewController.swift */ = {isa = PBXFileReference; lastKnownFileType = sourcecode.swift; path = ViewController.swift; sourceTree = "<group>"; };
		7D01BE561D6FF2E000FDCC8D /* Base */ = {isa = PBXFileReference; lastKnownFileType = file.storyboard; name = Base; path = Base.lproj/Main.storyboard; sourceTree = "<group>"; };
		7D01BE581D6FF2E000FDCC8D /* Assets.xcassets */ = {isa = PBXFileReference; lastKnownFileType = folder.assetcatalog; path = Assets.xcassets; sourceTree = "<group>"; };
		7D01BE5B1D6FF2E000FDCC8D /* Base */ = {isa = PBXFileReference; lastKnownFileType = file.storyboard; name = Base; path = Base.lproj/LaunchScreen.storyboard; sourceTree = "<group>"; };
		7D01BE5D1D6FF2E000FDCC8D /* Info.plist */ = {isa = PBXFileReference; lastKnownFileType = text.plist.xml; path = Info.plist; sourceTree = "<group>"; };
		7D01BE621D6FF2E000FDCC8D /* UUIDGeneratingAvatarTests.xctest */ = {isa = PBXFileReference; explicitFileType = wrapper.cfbundle; includeInIndex = 0; path = UUIDGeneratingAvatarTests.xctest; sourceTree = BUILT_PRODUCTS_DIR; };
		7D01BE661D6FF2E000FDCC8D /* UUIDGeneratingAvatarTests.swift */ = {isa = PBXFileReference; lastKnownFileType = sourcecode.swift; path = UUIDGeneratingAvatarTests.swift; sourceTree = "<group>"; };
		7D01BE681D6FF2E000FDCC8D /* Info.plist */ = {isa = PBXFileReference; lastKnownFileType = text.plist.xml; path = Info.plist; sourceTree = "<group>"; };
/* End PBXFileReference section */

/* Begin PBXFrameworksBuildPhase section */
		7D01BE4B1D6FF2E000FDCC8D /* Frameworks */ = {
			isa = PBXFrameworksBuildPhase;
			buildActionMask = 2147483647;
			files = (
			);
			runOnlyForDeploymentPostprocessing = 0;
		};
		7D01BE5F1D6FF2E000FDCC8D /* Frameworks */ = {
			isa = PBXFrameworksBuildPhase;
			buildActionMask = 2147483647;
			files = (
			);
			runOnlyForDeploymentPostprocessing = 0;
		};
/* End PBXFrameworksBuildPhase section */

/* Begin PBXGroup section */
		7D01BE451D6FF2E000FDCC8D = {
			isa = PBXGroup;
			children = (
				7D01BE501D6FF2E000FDCC8D /* UUIDGeneratingAvatar */,
				7D01BE651D6FF2E000FDCC8D /* UUIDGeneratingAvatarTests */,
				7D01BE4F1D6FF2E000FDCC8D /* Products */,
			);
			sourceTree = "<group>";
		};
		7D01BE4F1D6FF2E000FDCC8D /* Products */ = {
			isa = PBXGroup;
			children = (
				7D01BE4E1D6FF2E000FDCC8D /* UUIDGeneratingAvatar.app */,
				7D01BE621D6FF2E000FDCC8D /* UUIDGeneratingAvatarTests.xctest */,
			);
			name = Products;
			sourceTree = "<group>";
		};
		7D01BE501D6FF2E000FDCC8D /* UUIDGeneratingAvatar */ = {
			isa = PBXGroup;
			children = (
				7D01BE511D6FF2E000FDCC8D /* AppDelegate.swift */,
				7D01BE531D6FF2E000FDCC8D /* ViewController.swift */,
				7D01BE551D6FF2E000FDCC8D /* Main.storyboard */,
				7D01BE581D6FF2E000FDCC8D /* Assets.xcassets */,
				7D01BE5A1D6FF2E000FDCC8D /* LaunchScreen.storyboard */,
				7D01BE5D1D6FF2E000FDCC8D /* Info.plist */,
			);
			path = UUIDGeneratingAvatar;
			sourceTree = "<group>";
		};
		7D01BE651D6FF2E000FDCC8D /* UUIDGeneratingAvatarTests */ = {
			isa = PBXGroup;
			children = (
				7D01BE661D6FF2E000FDCC8D /* UUIDGeneratingAvatarTests.swift */,
				7D01BE681D6FF2E000FDCC8D /* Info.plist */,
			);
			path = UUIDGeneratingAvatarTests;
			sourceTree = "<group>";
		};
/* End PBXGroup section */

/* Begin PBXNativeTarget section */
		7D01BE4D1D6FF2E000FDCC8D /* UUIDGeneratingAvatar */ = {
			isa = PBXNativeTarget;
			buildConfigurationList = 7D01BE6B1D6FF2E000FDCC8D /* Build configuration list for PBXNativeTarget "UUIDGeneratingAvatar" */;
			buildPhases = (
				7D01BE4A1D6FF2E000FDCC8D /* Sources */,
				7D01BE4B1D6FF2E000FDCC8D /* Frameworks */,
				7D01BE4C1D6FF2E000FDCC8D /* Resources */,
			);
			buildRules = (
			);
			dependencies = (
			);
			name = UUIDGeneratingAvatar;
			productName = UUIDGeneratingAvatar;
			productReference = 7D01BE4E1D6FF2E000FDCC8D /* UUIDGeneratingAvatar.app */;
			productType = "com.apple.product-type.application";
		};
		7D01BE611D6FF2E000FDCC8D /* UUIDGeneratingAvatarTests */ = {
			isa = PBXNativeTarget;
			buildConfigurationList = 7D01BE6E1D6FF2E000FDCC8D /* Build configuration list for PBXNativeTarget "UUIDGeneratingAvatarTests" */;
			buildPhases = (
				7D01BE5E1D6FF2E000FDCC8D /* Sources */,
				7D01BE5F1D6FF2E000FDCC8D /* Frameworks */,
				7D01BE601D6FF2E000FDCC8D /* Resources */,
			);
			buildRules = (
			);
			dependencies = (
				7D01BE641D6FF2E000FDCC8D /* PBXTargetDependency */,
			);
			name = UUIDGeneratingAvatarTests;
			productName = UUIDGeneratingAvatarTests;
			productReference = 7D01BE621D6FF2E000FDCC8D /* UUIDGeneratingAvatarTests.xctest */;
			productType = "com.apple.product-type.bundle.unit-test";
		};
/* End PBXNativeTarget section */

/* Begin PBXProject section */
		7D01BE461D6FF2E000FDCC8D /* Project object */ = {
			isa = PBXProject;
			attributes = {
				LastSwiftUpdateCheck = 0730;
				LastUpgradeCheck = 0730;
				ORGANIZATIONNAME = jianhao;
				TargetAttributes = {
					7D01BE4D1D6FF2E000FDCC8D = {
						CreatedOnToolsVersion = 7.3.1;
					};
					7D01BE611D6FF2E000FDCC8D = {
						CreatedOnToolsVersion = 7.3.1;
						TestTargetID = 7D01BE4D1D6FF2E000FDCC8D;
					};
				};
			};
			buildConfigurationList = 7D01BE491D6FF2E000FDCC8D /* Build configuration list for PBXProject "UUIDGeneratingAvatar" */;
			compatibilityVersion = "Xcode 3.2";
			developmentRegion = English;
			hasScannedForEncodings = 0;
			knownRegions = (
				en,
				Base,
			);
			mainGroup = 7D01BE451D6FF2E000FDCC8D;
			productRefGroup = 7D01BE4F1D6FF2E000FDCC8D /* Products */;
			projectDirPath = "";
			projectRoot = "";
			targets = (
				7D01BE4D1D6FF2E000FDCC8D /* UUIDGeneratingAvatar */,
				7D01BE611D6FF2E000FDCC8D /* UUIDGeneratingAvatarTests */,
			);
		};
/* End PBXProject section */

/* Begin PBXResourcesBuildPhase section */
		7D01BE4C1D6FF2E000FDCC8D /* Resources */ = {
			isa = PBXResourcesBuildPhase;
			buildActionMask = 2147483647;
			files = (
				7D01BE5C1D6FF2E000FDCC8D /* LaunchScreen.storyboard in Resources */,
				7D01BE591D6FF2E000FDCC8D /* Assets.xcassets in Resources */,
				7D01BE571D6FF2E000FDCC8D /* Main.storyboard in Resources */,
			);
			runOnlyForDeploymentPostprocessing = 0;
		};
		7D01BE601D6FF2E000FDCC8D /* Resources */ = {
			isa = PBXResourcesBuildPhase;
			buildActionMask = 2147483647;
			files = (
			);
			runOnlyForDeploymentPostprocessing = 0;
		};
/* End PBXResourcesBuildPhase section */

/* Begin PBXSourcesBuildPhase section */
		7D01BE4A1D6FF2E000FDCC8D /* Sources */ = {
			isa = PBXSourcesBuildPhase;
			buildActionMask = 2147483647;
			files = (
				7D01BE541D6FF2E000FDCC8D /* ViewController.swift in Sources */,
				7D01BE521D6FF2E000FDCC8D /* AppDelegate.swift in Sources */,
			);
			runOnlyForDeploymentPostprocessing = 0;
		};
		7D01BE5E1D6FF2E000FDCC8D /* Sources */ = {
			isa = PBXSourcesBuildPhase;
			buildActionMask = 2147483647;
			files = (
				7D01BE671D6FF2E000FDCC8D /* UUIDGeneratingAvatarTests.swift in Sources */,
			);
			runOnlyForDeploymentPostprocessing = 0;
		};
/* End PBXSourcesBuildPhase section */

/* Begin PBXTargetDependency section */
		7D01BE641D6FF2E000FDCC8D /* PBXTargetDependency */ = {
			isa = PBXTargetDependency;
			target = 7D01BE4D1D6FF2E000FDCC8D /* UUIDGeneratingAvatar */;
			targetProxy = 7D01BE631D6FF2E000FDCC8D /* PBXContainerItemProxy */;
		};
/* End PBXTargetDependency section */

/* Begin PBXVariantGroup section */
		7D01BE551D6FF2E000FDCC8D /* Main.storyboard */ = {
			isa = PBXVariantGroup;
			children = (
				7D01BE561D6FF2E000FDCC8D /* Base */,
			);
			name = Main.storyboard;
			sourceTree = "<group>";
		};
		7D01BE5A1D6FF2E000FDCC8D /* LaunchScreen.storyboard */ = {
			isa = PBXVariantGroup;
			children = (
				7D01BE5B1D6FF2E000FDCC8D /* Base */,
			);
			name = LaunchScreen.storyboard;
			sourceTree = "<group>";
		};
/* End PBXVariantGroup section */

/* Begin XCBuildConfiguration section */
		7D01BE691D6FF2E000FDCC8D /* Debug */ = {
			isa = XCBuildConfiguration;
			buildSettings = {
				ALWAYS_SEARCH_USER_PATHS = NO;
				CLANG_ANALYZER_NONNULL = YES;
				CLANG_CXX_LANGUAGE_STANDARD = "gnu++0x";
				CLANG_CXX_LIBRARY = "libc++";
				CLANG_ENABLE_MODULES = YES;
				CLANG_ENABLE_OBJC_ARC = YES;
				CLANG_WARN_BOOL_CONVERSION = YES;
				CLANG_WARN_CONSTANT_CONVERSION = YES;
				CLANG_WARN_DIRECT_OBJC_ISA_USAGE = YES_ERROR;
				CLANG_WARN_EMPTY_BODY = YES;
				CLANG_WARN_ENUM_CONVERSION = YES;
				CLANG_WARN_INT_CONVERSION = YES;
				CLANG_WARN_OBJC_ROOT_CLASS = YES_ERROR;
				CLANG_WARN_UNREACHABLE_CODE = YES;
				CLANG_WARN__DUPLICATE_METHOD_MATCH = YES;
				"CODE_SIGN_IDENTITY[sdk=iphoneos*]" = "iPhone Developer";
				COPY_PHASE_STRIP = NO;
				DEBUG_INFORMATION_FORMAT = dwarf;
				ENABLE_STRICT_OBJC_MSGSEND = YES;
				ENABLE_TESTABILITY = YES;
				GCC_C_LANGUAGE_STANDARD = gnu99;
				GCC_DYNAMIC_NO_PIC = NO;
				GCC_NO_COMMON_BLOCKS = YES;
				GCC_OPTIMIZATION_LEVEL = 0;
				GCC_PREPROCESSOR_DEFINITIONS = (
					"DEBUG=1",
					"$(inherited)",
				);
				GCC_WARN_64_TO_32_BIT_CONVERSION = YES;
				GCC_WARN_ABOUT_RETURN_TYPE = YES_ERROR;
				GCC_WARN_UNDECLARED_SELECTOR = YES;
				GCC_WARN_UNINITIALIZED_AUTOS = YES_AGGRESSIVE;
				GCC_WARN_UNUSED_FUNCTION = YES;
				GCC_WARN_UNUSED_VARIABLE = YES;
				IPHONEOS_DEPLOYMENT_TARGET = 9.3;
				MTL_ENABLE_DEBUG_INFO = YES;
				ONLY_ACTIVE_ARCH = YES;
				SDKROOT = iphoneos;
				SWIFT_OPTIMIZATION_LEVEL = "-Onone";
			};
			name = Debug;
		};
		7D01BE6A1D6FF2E000FDCC8D /* Release */ = {
			isa = XCBuildConfiguration;
			buildSettings = {
				ALWAYS_SEARCH_USER_PATHS = NO;
				CLANG_ANALYZER_NONNULL = YES;
				CLANG_CXX_LANGUAGE_STANDARD = "gnu++0x";
				CLANG_CXX_LIBRARY = "libc++";
				CLANG_ENABLE_MODULES = YES;
				CLANG_ENABLE_OBJC_ARC = YES;
				CLANG_WARN_BOOL_CONVERSION = YES;
				CLANG_WARN_CONSTANT_CONVERSION = YES;
				CLANG_WARN_DIRECT_OBJC_ISA_USAGE = YES_ERROR;
				CLANG_WARN_EMPTY_BODY = YES;
				CLANG_WARN_ENUM_CONVERSION = YES;
				CLANG_WARN_INT_CONVERSION = YES;
				CLANG_WARN_OBJC_ROOT_CLASS = YES_ERROR;
				CLANG_WARN_UNREACHABLE_CODE = YES;
				CLANG_WARN__DUPLICATE_METHOD_MATCH = YES;
				"CODE_SIGN_IDENTITY[sdk=iphoneos*]" = "iPhone Developer";
				COPY_PHASE_STRIP = NO;
				DEBUG_INFORMATION_FORMAT = "dwarf-with-dsym";
				ENABLE_NS_ASSERTIONS = NO;
				ENABLE_STRICT_OBJC_MSGSEND = YES;
				GCC_C_LANGUAGE_STANDARD = gnu99;
				GCC_NO_COMMON_BLOCKS = YES;
				GCC_WARN_64_TO_32_BIT_CONVERSION = YES;
				GCC_WARN_ABOUT_RETURN_TYPE = YES_ERROR;
				GCC_WARN_UNDECLARED_SELECTOR = YES;
				GCC_WARN_UNINITIALIZED_AUTOS = YES_AGGRESSIVE;
				GCC_WARN_UNUSED_FUNCTION = YES;
				GCC_WARN_UNUSED_VARIABLE = YES;
				IPHONEOS_DEPLOYMENT_TARGET = 9.3;
				MTL_ENABLE_DEBUG_INFO = NO;
				SDKROOT = iphoneos;
				VALIDATE_PRODUCT = YES;
			};
			name = Release;
		};
		7D01BE6C1D6FF2E000FDCC8D /* Debug */ = {
			isa = XCBuildConfiguration;
			buildSettings = {
				ASSETCATALOG_COMPILER_APPICON_NAME = AppIcon;
				INFOPLIST_FILE = UUIDGeneratingAvatar/Info.plist;
				LD_RUNPATH_SEARCH_PATHS = "$(inherited) @executable_path/Frameworks";
				PRODUCT_BUNDLE_IDENTIFIER = com.cocoaswifty.UUIDGeneratingAvatar;
				PRODUCT_NAME = "$(TARGET_NAME)";
			};
			name = Debug;
		};
		7D01BE6D1D6FF2E000FDCC8D /* Release */ = {
			isa = XCBuildConfiguration;
			buildSettings = {
				ASSETCATALOG_COMPILER_APPICON_NAME = AppIcon;
				INFOPLIST_FILE = UUIDGeneratingAvatar/Info.plist;
				LD_RUNPATH_SEARCH_PATHS = "$(inherited) @executable_path/Frameworks";
				PRODUCT_BUNDLE_IDENTIFIER = com.cocoaswifty.UUIDGeneratingAvatar;
				PRODUCT_NAME = "$(TARGET_NAME)";
			};
			name = Release;
		};
		7D01BE6F1D6FF2E000FDCC8D /* Debug */ = {
			isa = XCBuildConfiguration;
			buildSettings = {
				BUNDLE_LOADER = "$(TEST_HOST)";
				INFOPLIST_FILE = UUIDGeneratingAvatarTests/Info.plist;
				LD_RUNPATH_SEARCH_PATHS = "$(inherited) @executable_path/Frameworks @loader_path/Frameworks";
				PRODUCT_BUNDLE_IDENTIFIER = com.cocoaswifty.UUIDGeneratingAvatarTests;
				PRODUCT_NAME = "$(TARGET_NAME)";
				TEST_HOST = "$(BUILT_PRODUCTS_DIR)/UUIDGeneratingAvatar.app/UUIDGeneratingAvatar";
			};
			name = Debug;
		};
		7D01BE701D6FF2E000FDCC8D /* Release */ = {
			isa = XCBuildConfiguration;
			buildSettings = {
				BUNDLE_LOADER = "$(TEST_HOST)";
				INFOPLIST_FILE = UUIDGeneratingAvatarTests/Info.plist;
				LD_RUNPATH_SEARCH_PATHS = "$(inherited) @executable_path/Frameworks @loader_path/Frameworks";
				PRODUCT_BUNDLE_IDENTIFIER = com.cocoaswifty.UUIDGeneratingAvatarTests;
				PRODUCT_NAME = "$(TARGET_NAME)";
				TEST_HOST = "$(BUILT_PRODUCTS_DIR)/UUIDGeneratingAvatar.app/UUIDGeneratingAvatar";
			};
			name = Release;
		};
/* End XCBuildConfiguration section */

/* Begin XCConfigurationList section */
		7D01BE491D6FF2E000FDCC8D /* Build configuration list for PBXProject "UUIDGeneratingAvatar" */ = {
			isa = XCConfigurationList;
			buildConfigurations = (
				7D01BE691D6FF2E000FDCC8D /* Debug */,
				7D01BE6A1D6FF2E000FDCC8D /* Release */,
			);
			defaultConfigurationIsVisible = 0;
			defaultConfigurationName = Release;
		};
		7D01BE6B1D6FF2E000FDCC8D /* Build configuration list for PBXNativeTarget "UUIDGeneratingAvatar" */ = {
			isa = XCConfigurationList;
			buildConfigurations = (
				7D01BE6C1D6FF2E000FDCC8D /* Debug */,
				7D01BE6D1D6FF2E000FDCC8D /* Release */,
			);
			defaultConfigurationIsVisible = 0;
		};
		7D01BE6E1D6FF2E000FDCC8D /* Build configuration list for PBXNativeTarget "UUIDGeneratingAvatarTests" */ = {
			isa = XCConfigurationList;
			buildConfigurations = (
				7D01BE6F1D6FF2E000FDCC8D /* Debug */,
				7D01BE701D6FF2E000FDCC8D /* Release */,
			);
			defaultConfigurationIsVisible = 0;
		};
/* End XCConfigurationList section */
	};
	rootObject = 7D01BE461D6FF2E000FDCC8D /* Project object */;
}
